
Microsoft Visual Studio Solution File, Format Version 12.00
# Visual Studio 2012
Project("{FAE04EC0-301F-11D3-BF4B-00C04F79EFBC}") = "monosim-gtk-full", "monosim-gtk\monosim-gtk-full.csproj", "{BB8D3BDC-1003-4C8F-A947-CFD6BF1E4C6E}"
EndProject
Project("{FAE04EC0-301F-11D3-BF4B-00C04F79EFBC}") = "comex-base", "Dependencies\comex-project\comex-base\comex-base.csproj", "{1E5D7CAD-9D30-47DA-A699-CE1F5F4C7475}"
EndProject
Global
	GlobalSection(SolutionConfigurationPlatforms) = preSolution
		Debug|x86 = Debug|x86
		Release|x86 = Release|x86
	EndGlobalSection
	GlobalSection(ProjectConfigurationPlatforms) = postSolution
		{1E5D7CAD-9D30-47DA-A699-CE1F5F4C7475}.Debug|x86.ActiveCfg = Debug|x86
		{1E5D7CAD-9D30-47DA-A699-CE1F5F4C7475}.Debug|x86.Build.0 = Debug|x86
		{1E5D7CAD-9D30-47DA-A699-CE1F5F4C7475}.Release|x86.ActiveCfg = Release|x86
		{1E5D7CAD-9D30-47DA-A699-CE1F5F4C7475}.Release|x86.Build.0 = Release|x86
		{BB8D3BDC-1003-4C8F-A947-CFD6BF1E4C6E}.Debug|x86.ActiveCfg = Debug|x86
		{BB8D3BDC-1003-4C8F-A947-CFD6BF1E4C6E}.Debug|x86.Build.0 = Debug|x86
		{BB8D3BDC-1003-4C8F-A947-CFD6BF1E4C6E}.Release|x86.ActiveCfg = Release|x86
		{BB8D3BDC-1003-4C8F-A947-CFD6BF1E4C6E}.Release|x86.Build.0 = Release|x86
	EndGlobalSection
	GlobalSection(MonoDevelopProperties) = preSolution
		Policies = $0
		$0.VersionControlPolicy = $1
		$1.inheritsSet = Mono
		$0.ChangeLogPolicy = $2
		$2.UpdateMode = ProjectRoot
		$2.MessageStyle = $3
		$3.LineAlign = 0
		$2.inheritsSet = Mono
		description = GTK application to manage sim card contacts
		version = 2.0.1
	EndGlobalSection
EndGlobal
