
Microsoft Visual Studio Solution File, Format Version 9.00
# Visual Studio 2005
Project("{FAE04EC0-301F-11D3-BF4B-00C04F79EFBC}") = "uisetup", "uisetup.csproj", "{D09C2883-F792-46A2-B9A4-29C47B2C67D7}"
EndProject
Global
	GlobalSection(SolutionConfigurationPlatforms) = preSolution
		Debug|Any CPU = Debug|Any CPU
		Release|Any CPU = Release|Any CPU
	EndGlobalSection
	GlobalSection(ProjectConfigurationPlatforms) = postSolution
		{D09C2883-F792-46A2-B9A4-29C47B2C67D7}.Debug|Any CPU.ActiveCfg = Debug|Any CPU
		{D09C2883-F792-46A2-B9A4-29C47B2C67D7}.Debug|Any CPU.Build.0 = Debug|Any CPU
		{D09C2883-F792-46A2-B9A4-29C47B2C67D7}.Release|Any CPU.ActiveCfg = Release|Any CPU
		{D09C2883-F792-46A2-B9A4-29C47B2C67D7}.Release|Any CPU.Build.0 = Release|Any CPU
	EndGlobalSection
	GlobalSection(MonoDevelopProperties) = preSolution
		StartupItem = uisetup.csproj
	EndGlobalSection
EndGlobal
